
Microsoft Visual Studio Solution File, Format Version 12.00
# Visual Studio 15
VisualStudioVersion = 15.0.28010.2050
MinimumVisualStudioVersion = 10.0.40219.1
Project("{FAE04EC0-301F-11D3-BF4B-00C04F79EFBC}") = "21 - 1 ConversionDecToNNumberSystem", "ConversionDecToNNumberSystem\21 - 1 ConversionDecToNNumberSystem.csproj", "{4E193F17-044F-49EB-A6E9-A34110D72D4F}"
EndProject
Project("{FAE04EC0-301F-11D3-BF4B-00C04F79EFBC}") = "21 - 2 ConversionNNumberSystemToDec", "ConversionNNumberSystemToDec\21 - 2 ConversionNNumberSystemToDec.csproj", "{970C9E36-2475-45CB-8BF3-909A5153CC45}"
EndProject
Project("{FAE04EC0-301F-11D3-BF4B-00C04F79EFBC}") = "21 - 3 ReverseString", "ReverseString\21 - 3 ReverseString.csproj", "{4F4FDC01-6EEA-4F1A-8045-98CFDDA8EDFB}"
EndProject
Project("{FAE04EC0-301F-11D3-BF4B-00C04F79EFBC}") = "21 - 4 UnicodeSymbols", "UnicodeSymbols\21 - 4 UnicodeSymbols.csproj", "{DB217BA8-FA12-4F0C-ADCC-2A444D20E3C8}"
EndProject
Project("{FAE04EC0-301F-11D3-BF4B-00C04F79EFBC}") = "21 - 5 MultiplyStrings", "MultiplyStrings\21 - 5 MultiplyStrings.csproj", "{EEA657E4-FF41-4B5B-AC10-E7B2FA2C9380}"
EndProject
Project("{FAE04EC0-301F-11D3-BF4B-00C04F79EFBC}") = "21 - 6 Palindrome", "Palindrome\21 - 6 Palindrome.csproj", "{9AF3AC64-BBA3-410D-B02A-8AE1DAB1BA8A}"
EndProject
Project("{FAE04EC0-301F-11D3-BF4B-00C04F79EFBC}") = "22 - 1 MagicallyChangingWords", "MagicallyChangingWords\22 - 1 MagicallyChangingWords.csproj", "{D9E917F8-3719-41C9-89F4-ABF6E90F7D8F}"
EndProject
Project("{FAE04EC0-301F-11D3-BF4B-00C04F79EFBC}") = "22 - 2 SumOfBigNumbers", "SumOfBigNumbers\22 - 2 SumOfBigNumbers.csproj", "{8A8D20DD-D8DF-4ACA-B774-EC79A114E723}"
EndProject
Project("{FAE04EC0-301F-11D3-BF4B-00C04F79EFBC}") = "22 - 3 MultiplyBigNumbers", "MultiplyBigNumbers\22 - 3 MultiplyBigNumbers.csproj", "{C12538F5-1CF9-429B-8576-BB85F039308F}"
EndProject
Project("{FAE04EC0-301F-11D3-BF4B-00C04F79EFBC}") = "22 - 4 BONUS ProcessingOfNumbersWithAffixAndPrefix", "ProcessingOfNumbersWithAffixAndPrefix\22 - 4 BONUS ProcessingOfNumbersWithAffixAndPrefix.csproj", "{05FAA2CA-515A-428D-9AAC-5022F1B53AAD}"
EndProject
Global
	GlobalSection(SolutionConfigurationPlatforms) = preSolution
		Debug|Any CPU = Debug|Any CPU
		Release|Any CPU = Release|Any CPU
	EndGlobalSection
	GlobalSection(ProjectConfigurationPlatforms) = postSolution
		{4E193F17-044F-49EB-A6E9-A34110D72D4F}.Debug|Any CPU.ActiveCfg = Debug|Any CPU
		{4E193F17-044F-49EB-A6E9-A34110D72D4F}.Debug|Any CPU.Build.0 = Debug|Any CPU
		{4E193F17-044F-49EB-A6E9-A34110D72D4F}.Release|Any CPU.ActiveCfg = Release|Any CPU
		{4E193F17-044F-49EB-A6E9-A34110D72D4F}.Release|Any CPU.Build.0 = Release|Any CPU
		{970C9E36-2475-45CB-8BF3-909A5153CC45}.Debug|Any CPU.ActiveCfg = Debug|Any CPU
		{970C9E36-2475-45CB-8BF3-909A5153CC45}.Debug|Any CPU.Build.0 = Debug|Any CPU
		{970C9E36-2475-45CB-8BF3-909A5153CC45}.Release|Any CPU.ActiveCfg = Release|Any CPU
		{970C9E36-2475-45CB-8BF3-909A5153CC45}.Release|Any CPU.Build.0 = Release|Any CPU
		{4F4FDC01-6EEA-4F1A-8045-98CFDDA8EDFB}.Debug|Any CPU.ActiveCfg = Debug|Any CPU
		{4F4FDC01-6EEA-4F1A-8045-98CFDDA8EDFB}.Debug|Any CPU.Build.0 = Debug|Any CPU
		{4F4FDC01-6EEA-4F1A-8045-98CFDDA8EDFB}.Release|Any CPU.ActiveCfg = Release|Any CPU
		{4F4FDC01-6EEA-4F1A-8045-98CFDDA8EDFB}.Release|Any CPU.Build.0 = Release|Any CPU
		{DB217BA8-FA12-4F0C-ADCC-2A444D20E3C8}.Debug|Any CPU.ActiveCfg = Debug|Any CPU
		{DB217BA8-FA12-4F0C-ADCC-2A444D20E3C8}.Debug|Any CPU.Build.0 = Debug|Any CPU
		{DB217BA8-FA12-4F0C-ADCC-2A444D20E3C8}.Release|Any CPU.ActiveCfg = Release|Any CPU
		{DB217BA8-FA12-4F0C-ADCC-2A444D20E3C8}.Release|Any CPU.Build.0 = Release|Any CPU
		{EEA657E4-FF41-4B5B-AC10-E7B2FA2C9380}.Debug|Any CPU.ActiveCfg = Debug|Any CPU
		{EEA657E4-FF41-4B5B-AC10-E7B2FA2C9380}.Debug|Any CPU.Build.0 = Debug|Any CPU
		{EEA657E4-FF41-4B5B-AC10-E7B2FA2C9380}.Release|Any CPU.ActiveCfg = Release|Any CPU
		{EEA657E4-FF41-4B5B-AC10-E7B2FA2C9380}.Release|Any CPU.Build.0 = Release|Any CPU
		{9AF3AC64-BBA3-410D-B02A-8AE1DAB1BA8A}.Debug|Any CPU.ActiveCfg = Debug|Any CPU
		{9AF3AC64-BBA3-410D-B02A-8AE1DAB1BA8A}.Debug|Any CPU.Build.0 = Debug|Any CPU
		{9AF3AC64-BBA3-410D-B02A-8AE1DAB1BA8A}.Release|Any CPU.ActiveCfg = Release|Any CPU
		{9AF3AC64-BBA3-410D-B02A-8AE1DAB1BA8A}.Release|Any CPU.Build.0 = Release|Any CPU
		{D9E917F8-3719-41C9-89F4-ABF6E90F7D8F}.Debug|Any CPU.ActiveCfg = Debug|Any CPU
		{D9E917F8-3719-41C9-89F4-ABF6E90F7D8F}.Debug|Any CPU.Build.0 = Debug|Any CPU
		{D9E917F8-3719-41C9-89F4-ABF6E90F7D8F}.Release|Any CPU.ActiveCfg = Release|Any CPU
		{D9E917F8-3719-41C9-89F4-ABF6E90F7D8F}.Release|Any CPU.Build.0 = Release|Any CPU
		{8A8D20DD-D8DF-4ACA-B774-EC79A114E723}.Debug|Any CPU.ActiveCfg = Debug|Any CPU
		{8A8D20DD-D8DF-4ACA-B774-EC79A114E723}.Debug|Any CPU.Build.0 = Debug|Any CPU
		{8A8D20DD-D8DF-4ACA-B774-EC79A114E723}.Release|Any CPU.ActiveCfg = Release|Any CPU
		{8A8D20DD-D8DF-4ACA-B774-EC79A114E723}.Release|Any CPU.Build.0 = Release|Any CPU
		{C12538F5-1CF9-429B-8576-BB85F039308F}.Debug|Any CPU.ActiveCfg = Debug|Any CPU
		{C12538F5-1CF9-429B-8576-BB85F039308F}.Debug|Any CPU.Build.0 = Debug|Any CPU
		{C12538F5-1CF9-429B-8576-BB85F039308F}.Release|Any CPU.ActiveCfg = Release|Any CPU
		{C12538F5-1CF9-429B-8576-BB85F039308F}.Release|Any CPU.Build.0 = Release|Any CPU
		{05FAA2CA-515A-428D-9AAC-5022F1B53AAD}.Debug|Any CPU.ActiveCfg = Debug|Any CPU
		{05FAA2CA-515A-428D-9AAC-5022F1B53AAD}.Debug|Any CPU.Build.0 = Debug|Any CPU
		{05FAA2CA-515A-428D-9AAC-5022F1B53AAD}.Release|Any CPU.ActiveCfg = Release|Any CPU
		{05FAA2CA-515A-428D-9AAC-5022F1B53AAD}.Release|Any CPU.Build.0 = Release|Any CPU
	EndGlobalSection
	GlobalSection(SolutionProperties) = preSolution
		HideSolutionNode = FALSE
	EndGlobalSection
	GlobalSection(ExtensibilityGlobals) = postSolution
		SolutionGuid = {DA82794F-1060-4128-BAD0-DDBB88ADA6D0}
	EndGlobalSection
EndGlobal
