
Microsoft Visual Studio Solution File, Format Version 12.00
# Visual Studio Version 16
VisualStudioVersion = 16.0.28803.202
MinimumVisualStudioVersion = 10.0.40219.1
Project("{FAE04EC0-301F-11D3-BF4B-00C04F79EFBC}") = "12.1 - 1 Shop", "12.1 - 1 Shop\12.1 - 1 Shop.csproj", "{62C1C811-179F-4095-A45D-D417223E53C9}"
EndProject
Project("{FAE04EC0-301F-11D3-BF4B-00C04F79EFBC}") = "12.1 - 2 Banker", "12.1 - 2 Banker\12.1 - 2 Banker.csproj", "{9B28B9A5-CA94-4F08-A2E8-E5DE1EF5B2A4}"
EndProject
Project("{FAE04EC0-301F-11D3-BF4B-00C04F79EFBC}") = "12.2 - 1 DefineClassPerson", "12.2 - 1 defineClassPerson\12.2 - 1 DefineClassPerson.csproj", "{891168EB-AACC-4F4F-8934-63BB2B8B4F4D}"
EndProject
Project("{FAE04EC0-301F-11D3-BF4B-00C04F79EFBC}") = "12.2 - 2 DefineClassGeometry", "12.2 - 2 DefineClassGeometry\12.2 - 2 DefineClassGeometry.csproj", "{64DA2F05-E82B-4538-A101-54438958EA9A}"
EndProject
Project("{FAE04EC0-301F-11D3-BF4B-00C04F79EFBC}") = "12.2 - 3 SqrtRequest", "12.2 - 3 SqrtRequest\12.2 - 3 SqrtRequest.csproj", "{A3944535-0011-465A-9738-3A94DFA3DCBD}"
EndProject
Global
	GlobalSection(SolutionConfigurationPlatforms) = preSolution
		Debug|Any CPU = Debug|Any CPU
		Release|Any CPU = Release|Any CPU
	EndGlobalSection
	GlobalSection(ProjectConfigurationPlatforms) = postSolution
		{62C1C811-179F-4095-A45D-D417223E53C9}.Debug|Any CPU.ActiveCfg = Debug|Any CPU
		{62C1C811-179F-4095-A45D-D417223E53C9}.Debug|Any CPU.Build.0 = Debug|Any CPU
		{62C1C811-179F-4095-A45D-D417223E53C9}.Release|Any CPU.ActiveCfg = Release|Any CPU
		{62C1C811-179F-4095-A45D-D417223E53C9}.Release|Any CPU.Build.0 = Release|Any CPU
		{9B28B9A5-CA94-4F08-A2E8-E5DE1EF5B2A4}.Debug|Any CPU.ActiveCfg = Debug|Any CPU
		{9B28B9A5-CA94-4F08-A2E8-E5DE1EF5B2A4}.Debug|Any CPU.Build.0 = Debug|Any CPU
		{9B28B9A5-CA94-4F08-A2E8-E5DE1EF5B2A4}.Release|Any CPU.ActiveCfg = Release|Any CPU
		{9B28B9A5-CA94-4F08-A2E8-E5DE1EF5B2A4}.Release|Any CPU.Build.0 = Release|Any CPU
		{891168EB-AACC-4F4F-8934-63BB2B8B4F4D}.Debug|Any CPU.ActiveCfg = Debug|Any CPU
		{891168EB-AACC-4F4F-8934-63BB2B8B4F4D}.Debug|Any CPU.Build.0 = Debug|Any CPU
		{891168EB-AACC-4F4F-8934-63BB2B8B4F4D}.Release|Any CPU.ActiveCfg = Release|Any CPU
		{891168EB-AACC-4F4F-8934-63BB2B8B4F4D}.Release|Any CPU.Build.0 = Release|Any CPU
		{64DA2F05-E82B-4538-A101-54438958EA9A}.Debug|Any CPU.ActiveCfg = Debug|Any CPU
		{64DA2F05-E82B-4538-A101-54438958EA9A}.Debug|Any CPU.Build.0 = Debug|Any CPU
		{64DA2F05-E82B-4538-A101-54438958EA9A}.Release|Any CPU.ActiveCfg = Release|Any CPU
		{64DA2F05-E82B-4538-A101-54438958EA9A}.Release|Any CPU.Build.0 = Release|Any CPU
		{A3944535-0011-465A-9738-3A94DFA3DCBD}.Debug|Any CPU.ActiveCfg = Debug|Any CPU
		{A3944535-0011-465A-9738-3A94DFA3DCBD}.Debug|Any CPU.Build.0 = Debug|Any CPU
		{A3944535-0011-465A-9738-3A94DFA3DCBD}.Release|Any CPU.ActiveCfg = Release|Any CPU
		{A3944535-0011-465A-9738-3A94DFA3DCBD}.Release|Any CPU.Build.0 = Release|Any CPU
	EndGlobalSection
	GlobalSection(SolutionProperties) = preSolution
		HideSolutionNode = FALSE
	EndGlobalSection
	GlobalSection(ExtensibilityGlobals) = postSolution
		SolutionGuid = {F5A0350A-8A91-4265-BDB1-727A495B0B5A}
	EndGlobalSection
EndGlobal
