
Microsoft Visual Studio Solution File, Format Version 12.00
# Visual Studio 15
VisualStudioVersion = 15.0.28010.2050
MinimumVisualStudioVersion = 10.0.40219.1
Project("{FAE04EC0-301F-11D3-BF4B-00C04F79EFBC}") = "29 - 1 SumMinimumMaximumAverage", "SumMinimumMaximumAverage\29 - 1 SumMinimumMaximumAverage.csproj", "{04D8E17A-9AC1-496F-AF5A-34910BC65589}"
EndProject
Project("{FAE04EC0-301F-11D3-BF4B-00C04F79EFBC}") = "29 - 2 Top3Biggest", "Top3Biggest\29 - 2 Top3Biggest.csproj", "{AFA5AE34-8787-45BE-972D-9F3F630B0D6D}"
EndProject
Project("{FAE04EC0-301F-11D3-BF4B-00C04F79EFBC}") = "29 - 3 SortingOfShortWords", "SortingOfShortWords\29 - 3 SortingOfShortWords.csproj", "{94FE2D2E-F1CF-449A-8C1D-4CEC178C5A91}"
EndProject
Project("{FAE04EC0-301F-11D3-BF4B-00C04F79EFBC}") = "29 - 4 FoldAndSum", "FoldAndSum\29 - 4 FoldAndSum.csproj", "{84FC98CC-4305-42F9-AFCB-ECE103FC49F8}"
EndProject
Project("{FAE04EC0-301F-11D3-BF4B-00C04F79EFBC}") = "30 - 1 SortHours", "SortHours\30 - 1 SortHours.csproj", "{C7401061-9D4A-430F-B351-71293917DF61}"
EndProject
Project("{FAE04EC0-301F-11D3-BF4B-00C04F79EFBC}") = "30 - 2 OddFilter", "OddFilter\30 - 2 OddFilter.csproj", "{89EA0068-809C-4473-B36E-5A3F738EB224}"
EndProject
Project("{FAE04EC0-301F-11D3-BF4B-00C04F79EFBC}") = "30 - 3 ImmuneSystem", "ImmuneSystem\30 - 3 ImmuneSystem.csproj", "{695F8581-CAD0-4938-B17A-389F3E69FF7F}"
EndProject
Project("{FAE04EC0-301F-11D3-BF4B-00C04F79EFBC}") = "30 - 4 RepairEmail", "RepairEmail\30 - 4 RepairEmail.csproj", "{0BA093CA-F5F0-4CC2-9CCD-E223C4A672C7}"
EndProject
Project("{FAE04EC0-301F-11D3-BF4B-00C04F79EFBC}") = "30 - 5 GoodHand", "GoodHand\30 - 5 GoodHand.csproj", "{60C5027D-9B62-45C6-9BCF-67C5FAC4C232}"
EndProject
Project("{FAE04EC0-301F-11D3-BF4B-00C04F79EFBC}") = "30 - 6 BONUS UserLogs", "UserLogs\30 - 6 BONUS UserLogs.csproj", "{0152A336-E135-4CCD-BE5F-7FEE47418864}"
EndProject
Project("{FAE04EC0-301F-11D3-BF4B-00C04F79EFBC}") = "30 - 7 BONUS CountPopulation", "CountPopulation\30 - 7 BONUS CountPopulation.csproj", "{328A8127-DDA6-4015-B8ED-A1146A1924BB}"
EndProject
Project("{FAE04EC0-301F-11D3-BF4B-00C04F79EFBC}") = "30 - 8 BONUS ProcessingOfLogs", "ProcessingOfLogs\30 - 8 BONUS ProcessingOfLogs.csproj", "{2C4018EE-5168-4640-9009-5454115BA288}"
EndProject
Global
	GlobalSection(SolutionConfigurationPlatforms) = preSolution
		Debug|Any CPU = Debug|Any CPU
		Release|Any CPU = Release|Any CPU
	EndGlobalSection
	GlobalSection(ProjectConfigurationPlatforms) = postSolution
		{04D8E17A-9AC1-496F-AF5A-34910BC65589}.Debug|Any CPU.ActiveCfg = Debug|Any CPU
		{04D8E17A-9AC1-496F-AF5A-34910BC65589}.Debug|Any CPU.Build.0 = Debug|Any CPU
		{04D8E17A-9AC1-496F-AF5A-34910BC65589}.Release|Any CPU.ActiveCfg = Release|Any CPU
		{04D8E17A-9AC1-496F-AF5A-34910BC65589}.Release|Any CPU.Build.0 = Release|Any CPU
		{AFA5AE34-8787-45BE-972D-9F3F630B0D6D}.Debug|Any CPU.ActiveCfg = Debug|Any CPU
		{AFA5AE34-8787-45BE-972D-9F3F630B0D6D}.Debug|Any CPU.Build.0 = Debug|Any CPU
		{AFA5AE34-8787-45BE-972D-9F3F630B0D6D}.Release|Any CPU.ActiveCfg = Release|Any CPU
		{AFA5AE34-8787-45BE-972D-9F3F630B0D6D}.Release|Any CPU.Build.0 = Release|Any CPU
		{94FE2D2E-F1CF-449A-8C1D-4CEC178C5A91}.Debug|Any CPU.ActiveCfg = Debug|Any CPU
		{94FE2D2E-F1CF-449A-8C1D-4CEC178C5A91}.Debug|Any CPU.Build.0 = Debug|Any CPU
		{94FE2D2E-F1CF-449A-8C1D-4CEC178C5A91}.Release|Any CPU.ActiveCfg = Release|Any CPU
		{94FE2D2E-F1CF-449A-8C1D-4CEC178C5A91}.Release|Any CPU.Build.0 = Release|Any CPU
		{84FC98CC-4305-42F9-AFCB-ECE103FC49F8}.Debug|Any CPU.ActiveCfg = Debug|Any CPU
		{84FC98CC-4305-42F9-AFCB-ECE103FC49F8}.Debug|Any CPU.Build.0 = Debug|Any CPU
		{84FC98CC-4305-42F9-AFCB-ECE103FC49F8}.Release|Any CPU.ActiveCfg = Release|Any CPU
		{84FC98CC-4305-42F9-AFCB-ECE103FC49F8}.Release|Any CPU.Build.0 = Release|Any CPU
		{C7401061-9D4A-430F-B351-71293917DF61}.Debug|Any CPU.ActiveCfg = Debug|Any CPU
		{C7401061-9D4A-430F-B351-71293917DF61}.Debug|Any CPU.Build.0 = Debug|Any CPU
		{C7401061-9D4A-430F-B351-71293917DF61}.Release|Any CPU.ActiveCfg = Release|Any CPU
		{C7401061-9D4A-430F-B351-71293917DF61}.Release|Any CPU.Build.0 = Release|Any CPU
		{89EA0068-809C-4473-B36E-5A3F738EB224}.Debug|Any CPU.ActiveCfg = Debug|Any CPU
		{89EA0068-809C-4473-B36E-5A3F738EB224}.Debug|Any CPU.Build.0 = Debug|Any CPU
		{89EA0068-809C-4473-B36E-5A3F738EB224}.Release|Any CPU.ActiveCfg = Release|Any CPU
		{89EA0068-809C-4473-B36E-5A3F738EB224}.Release|Any CPU.Build.0 = Release|Any CPU
		{695F8581-CAD0-4938-B17A-389F3E69FF7F}.Debug|Any CPU.ActiveCfg = Debug|Any CPU
		{695F8581-CAD0-4938-B17A-389F3E69FF7F}.Debug|Any CPU.Build.0 = Debug|Any CPU
		{695F8581-CAD0-4938-B17A-389F3E69FF7F}.Release|Any CPU.ActiveCfg = Release|Any CPU
		{695F8581-CAD0-4938-B17A-389F3E69FF7F}.Release|Any CPU.Build.0 = Release|Any CPU
		{0BA093CA-F5F0-4CC2-9CCD-E223C4A672C7}.Debug|Any CPU.ActiveCfg = Debug|Any CPU
		{0BA093CA-F5F0-4CC2-9CCD-E223C4A672C7}.Debug|Any CPU.Build.0 = Debug|Any CPU
		{0BA093CA-F5F0-4CC2-9CCD-E223C4A672C7}.Release|Any CPU.ActiveCfg = Release|Any CPU
		{0BA093CA-F5F0-4CC2-9CCD-E223C4A672C7}.Release|Any CPU.Build.0 = Release|Any CPU
		{60C5027D-9B62-45C6-9BCF-67C5FAC4C232}.Debug|Any CPU.ActiveCfg = Debug|Any CPU
		{60C5027D-9B62-45C6-9BCF-67C5FAC4C232}.Debug|Any CPU.Build.0 = Debug|Any CPU
		{60C5027D-9B62-45C6-9BCF-67C5FAC4C232}.Release|Any CPU.ActiveCfg = Release|Any CPU
		{60C5027D-9B62-45C6-9BCF-67C5FAC4C232}.Release|Any CPU.Build.0 = Release|Any CPU
		{0152A336-E135-4CCD-BE5F-7FEE47418864}.Debug|Any CPU.ActiveCfg = Debug|Any CPU
		{0152A336-E135-4CCD-BE5F-7FEE47418864}.Debug|Any CPU.Build.0 = Debug|Any CPU
		{0152A336-E135-4CCD-BE5F-7FEE47418864}.Release|Any CPU.ActiveCfg = Release|Any CPU
		{0152A336-E135-4CCD-BE5F-7FEE47418864}.Release|Any CPU.Build.0 = Release|Any CPU
		{328A8127-DDA6-4015-B8ED-A1146A1924BB}.Debug|Any CPU.ActiveCfg = Debug|Any CPU
		{328A8127-DDA6-4015-B8ED-A1146A1924BB}.Debug|Any CPU.Build.0 = Debug|Any CPU
		{328A8127-DDA6-4015-B8ED-A1146A1924BB}.Release|Any CPU.ActiveCfg = Release|Any CPU
		{328A8127-DDA6-4015-B8ED-A1146A1924BB}.Release|Any CPU.Build.0 = Release|Any CPU
		{2C4018EE-5168-4640-9009-5454115BA288}.Debug|Any CPU.ActiveCfg = Debug|Any CPU
		{2C4018EE-5168-4640-9009-5454115BA288}.Debug|Any CPU.Build.0 = Debug|Any CPU
		{2C4018EE-5168-4640-9009-5454115BA288}.Release|Any CPU.ActiveCfg = Release|Any CPU
		{2C4018EE-5168-4640-9009-5454115BA288}.Release|Any CPU.Build.0 = Release|Any CPU
	EndGlobalSection
	GlobalSection(SolutionProperties) = preSolution
		HideSolutionNode = FALSE
	EndGlobalSection
	GlobalSection(ExtensibilityGlobals) = postSolution
		SolutionGuid = {629748B2-3310-424D-90C4-0F5050371C78}
	EndGlobalSection
EndGlobal
