
Microsoft Visual Studio Solution File, Format Version 12.00
# Visual Studio Version 16
VisualStudioVersion = 16.0.28803.352
MinimumVisualStudioVersion = 10.0.40219.1
Project("{FAE04EC0-301F-11D3-BF4B-00C04F79EFBC}") = "1 - FreightTransport", "1 - FreightTransport\1 - FreightTransport.csproj", "{4A707257-48F2-4EE9-9408-AAE410DB7AF2}"
EndProject
Global
	GlobalSection(SolutionConfigurationPlatforms) = preSolution
		Debug|Any CPU = Debug|Any CPU
		Release|Any CPU = Release|Any CPU
	EndGlobalSection
	GlobalSection(ProjectConfigurationPlatforms) = postSolution
		{4A707257-48F2-4EE9-9408-AAE410DB7AF2}.Debug|Any CPU.ActiveCfg = Debug|Any CPU
		{4A707257-48F2-4EE9-9408-AAE410DB7AF2}.Debug|Any CPU.Build.0 = Debug|Any CPU
		{4A707257-48F2-4EE9-9408-AAE410DB7AF2}.Release|Any CPU.ActiveCfg = Release|Any CPU
		{4A707257-48F2-4EE9-9408-AAE410DB7AF2}.Release|Any CPU.Build.0 = Release|Any CPU
	EndGlobalSection
	GlobalSection(SolutionProperties) = preSolution
		HideSolutionNode = FALSE
	EndGlobalSection
	GlobalSection(ExtensibilityGlobals) = postSolution
		SolutionGuid = {1CF0CFA3-CEA4-43E6-B3A5-16650CF8829E}
	EndGlobalSection
EndGlobal
