
Microsoft Visual Studio Solution File, Format Version 12.00
# Visual Studio 15
VisualStudioVersion = 15.0.28010.2050
MinimumVisualStudioVersion = 10.0.40219.1
Project("{FAE04EC0-301F-11D3-BF4B-00C04F79EFBC}") = "1 Training lab", "2016-03-06\1 Training lab.csproj", "{C8CD50E0-8205-40E2-B155-8BDC51B69AE0}"
EndProject
Project("{FAE04EC0-301F-11D3-BF4B-00C04F79EFBC}") = "2 Transport price", "Transport price\2 Transport price.csproj", "{78C718BC-3586-4607-8704-63697460BD79}"
EndProject
Project("{FAE04EC0-301F-11D3-BF4B-00C04F79EFBC}") = "3 On time for the exam", "On time for the exam\3 On time for the exam.csproj", "{C37A524E-FB40-4A4E-9F14-F0C55868B665}"
EndProject
Project("{FAE04EC0-301F-11D3-BF4B-00C04F79EFBC}") = "4 Histogram", "Histogram\4 Histogram.csproj", "{76E2A1F1-BDB5-4EEA-B8A3-EE123BB48A4A}"
EndProject
Project("{FAE04EC0-301F-11D3-BF4B-00C04F79EFBC}") = "6 Stupid password generator", "Stupid password generator\6 Stupid password generator.csproj", "{28567FB4-A127-477E-AD8F-8541B14E7F87}"
EndProject
Project("{FAE04EC0-301F-11D3-BF4B-00C04F79EFBC}") = "5 Draw fort", "Draw fort\5 Draw fort.csproj", "{7E286A0D-C5C4-4251-B1BC-ECB27CE9053D}"
EndProject
Global
	GlobalSection(SolutionConfigurationPlatforms) = preSolution
		Debug|Any CPU = Debug|Any CPU
		Release|Any CPU = Release|Any CPU
	EndGlobalSection
	GlobalSection(ProjectConfigurationPlatforms) = postSolution
		{C8CD50E0-8205-40E2-B155-8BDC51B69AE0}.Debug|Any CPU.ActiveCfg = Debug|Any CPU
		{C8CD50E0-8205-40E2-B155-8BDC51B69AE0}.Debug|Any CPU.Build.0 = Debug|Any CPU
		{C8CD50E0-8205-40E2-B155-8BDC51B69AE0}.Release|Any CPU.ActiveCfg = Release|Any CPU
		{C8CD50E0-8205-40E2-B155-8BDC51B69AE0}.Release|Any CPU.Build.0 = Release|Any CPU
		{78C718BC-3586-4607-8704-63697460BD79}.Debug|Any CPU.ActiveCfg = Debug|Any CPU
		{78C718BC-3586-4607-8704-63697460BD79}.Debug|Any CPU.Build.0 = Debug|Any CPU
		{78C718BC-3586-4607-8704-63697460BD79}.Release|Any CPU.ActiveCfg = Release|Any CPU
		{78C718BC-3586-4607-8704-63697460BD79}.Release|Any CPU.Build.0 = Release|Any CPU
		{C37A524E-FB40-4A4E-9F14-F0C55868B665}.Debug|Any CPU.ActiveCfg = Debug|Any CPU
		{C37A524E-FB40-4A4E-9F14-F0C55868B665}.Debug|Any CPU.Build.0 = Debug|Any CPU
		{C37A524E-FB40-4A4E-9F14-F0C55868B665}.Release|Any CPU.ActiveCfg = Release|Any CPU
		{C37A524E-FB40-4A4E-9F14-F0C55868B665}.Release|Any CPU.Build.0 = Release|Any CPU
		{76E2A1F1-BDB5-4EEA-B8A3-EE123BB48A4A}.Debug|Any CPU.ActiveCfg = Debug|Any CPU
		{76E2A1F1-BDB5-4EEA-B8A3-EE123BB48A4A}.Debug|Any CPU.Build.0 = Debug|Any CPU
		{76E2A1F1-BDB5-4EEA-B8A3-EE123BB48A4A}.Release|Any CPU.ActiveCfg = Release|Any CPU
		{76E2A1F1-BDB5-4EEA-B8A3-EE123BB48A4A}.Release|Any CPU.Build.0 = Release|Any CPU
		{28567FB4-A127-477E-AD8F-8541B14E7F87}.Debug|Any CPU.ActiveCfg = Debug|Any CPU
		{28567FB4-A127-477E-AD8F-8541B14E7F87}.Debug|Any CPU.Build.0 = Debug|Any CPU
		{28567FB4-A127-477E-AD8F-8541B14E7F87}.Release|Any CPU.ActiveCfg = Release|Any CPU
		{28567FB4-A127-477E-AD8F-8541B14E7F87}.Release|Any CPU.Build.0 = Release|Any CPU
		{7E286A0D-C5C4-4251-B1BC-ECB27CE9053D}.Debug|Any CPU.ActiveCfg = Debug|Any CPU
		{7E286A0D-C5C4-4251-B1BC-ECB27CE9053D}.Debug|Any CPU.Build.0 = Debug|Any CPU
		{7E286A0D-C5C4-4251-B1BC-ECB27CE9053D}.Release|Any CPU.ActiveCfg = Release|Any CPU
		{7E286A0D-C5C4-4251-B1BC-ECB27CE9053D}.Release|Any CPU.Build.0 = Release|Any CPU
	EndGlobalSection
	GlobalSection(SolutionProperties) = preSolution
		HideSolutionNode = FALSE
	EndGlobalSection
	GlobalSection(ExtensibilityGlobals) = postSolution
		SolutionGuid = {60B5ABD2-F38A-427F-80F8-A6AADC64B81C}
	EndGlobalSection
EndGlobal
